
Microsoft Visual Studio Solution File, Format Version 12.00
# Visual Studio 15
VisualStudioVersion = 15.0.26228.4
MinimumVisualStudioVersion = 10.0.40219.1
Project("{FAE04EC0-301F-11D3-BF4B-00C04F79EFBC}") = "HomeEFCodeFirst", "HomeEFCodeFirst\HomeEFCodeFirst.csproj", "{9F3CF2E5-CE4C-4305-B8D9-549FEB58A90D}"
EndProject
Project("{FAE04EC0-301F-11D3-BF4B-00C04F79EFBC}") = "WebService", "WebService\WebService.csproj", "{6D128566-D5EF-4E97-9BF0-F55D61A8612C}"
EndProject
Project("{FAE04EC0-301F-11D3-BF4B-00C04F79EFBC}") = "FormClient", "FormClient\FormClient.csproj", "{CC6A3B8E-9602-404A-80F8-5B44FBA4644A}"
	ProjectSection(ProjectDependencies) = postProject
		{6D128566-D5EF-4E97-9BF0-F55D61A8612C} = {6D128566-D5EF-4E97-9BF0-F55D61A8612C}
	EndProjectSection
EndProject
Global
	GlobalSection(SolutionConfigurationPlatforms) = preSolution
		Debug|Any CPU = Debug|Any CPU
		Release|Any CPU = Release|Any CPU
	EndGlobalSection
	GlobalSection(ProjectConfigurationPlatforms) = postSolution
		{9F3CF2E5-CE4C-4305-B8D9-549FEB58A90D}.Debug|Any CPU.ActiveCfg = Debug|Any CPU
		{9F3CF2E5-CE4C-4305-B8D9-549FEB58A90D}.Debug|Any CPU.Build.0 = Debug|Any CPU
		{9F3CF2E5-CE4C-4305-B8D9-549FEB58A90D}.Release|Any CPU.ActiveCfg = Release|Any CPU
		{9F3CF2E5-CE4C-4305-B8D9-549FEB58A90D}.Release|Any CPU.Build.0 = Release|Any CPU
		{6D128566-D5EF-4E97-9BF0-F55D61A8612C}.Debug|Any CPU.ActiveCfg = Debug|Any CPU
		{6D128566-D5EF-4E97-9BF0-F55D61A8612C}.Debug|Any CPU.Build.0 = Debug|Any CPU
		{6D128566-D5EF-4E97-9BF0-F55D61A8612C}.Release|Any CPU.ActiveCfg = Release|Any CPU
		{6D128566-D5EF-4E97-9BF0-F55D61A8612C}.Release|Any CPU.Build.0 = Release|Any CPU
		{CC6A3B8E-9602-404A-80F8-5B44FBA4644A}.Debug|Any CPU.ActiveCfg = Debug|Any CPU
		{CC6A3B8E-9602-404A-80F8-5B44FBA4644A}.Debug|Any CPU.Build.0 = Debug|Any CPU
		{CC6A3B8E-9602-404A-80F8-5B44FBA4644A}.Release|Any CPU.ActiveCfg = Release|Any CPU
		{CC6A3B8E-9602-404A-80F8-5B44FBA4644A}.Release|Any CPU.Build.0 = Release|Any CPU
	EndGlobalSection
	GlobalSection(SolutionProperties) = preSolution
		HideSolutionNode = FALSE
	EndGlobalSection
EndGlobal
